
Microsoft Visual Studio Solution File, Format Version 12.00
# Visual Studio 14
VisualStudioVersion = 14.0.25420.1
MinimumVisualStudioVersion = 10.0.40219.1
Project("{FAE04EC0-301F-11D3-BF4B-00C04F79EFBC}") = "Northwind_Product", "Northwind_Product\Northwind_Product.csproj", "{A8558A93-D50B-4F8A-AD47-EF01454C7A86}"
EndProject
Project("{FAE04EC0-301F-11D3-BF4B-00C04F79EFBC}") = "Northwind_Product.Tests", "Northwind_Product.Tests\Northwind_Product.Tests.csproj", "{35B9D609-BDC8-455B-8A59-891373EAA0A1}"
EndProject
Global
	GlobalSection(SolutionConfigurationPlatforms) = preSolution
		Debug|Any CPU = Debug|Any CPU
		Release|Any CPU = Release|Any CPU
	EndGlobalSection
	GlobalSection(ProjectConfigurationPlatforms) = postSolution
		{A8558A93-D50B-4F8A-AD47-EF01454C7A86}.Debug|Any CPU.ActiveCfg = Debug|Any CPU
		{A8558A93-D50B-4F8A-AD47-EF01454C7A86}.Debug|Any CPU.Build.0 = Debug|Any CPU
		{A8558A93-D50B-4F8A-AD47-EF01454C7A86}.Release|Any CPU.ActiveCfg = Release|Any CPU
		{A8558A93-D50B-4F8A-AD47-EF01454C7A86}.Release|Any CPU.Build.0 = Release|Any CPU
		{35B9D609-BDC8-455B-8A59-891373EAA0A1}.Debug|Any CPU.ActiveCfg = Debug|Any CPU
		{35B9D609-BDC8-455B-8A59-891373EAA0A1}.Debug|Any CPU.Build.0 = Debug|Any CPU
		{35B9D609-BDC8-455B-8A59-891373EAA0A1}.Release|Any CPU.ActiveCfg = Release|Any CPU
		{35B9D609-BDC8-455B-8A59-891373EAA0A1}.Release|Any CPU.Build.0 = Release|Any CPU
	EndGlobalSection
	GlobalSection(SolutionProperties) = preSolution
		HideSolutionNode = FALSE
	EndGlobalSection
EndGlobal
